Microsoft Visual Studio Solution File, Format Version 12.00
# Visual Studio Version 17
VisualStudioVersion = 17.5.2.0
MinimumVisualStudioVersion = 10.0.40219.1
Project("{FAE04EC0-301F-11D3-BF4B-00C04F79EFBC}") = "test_your_mind", "test_your_mind.csproj", "{7565540E-89AE-0FBC-8CCB-C070D61C4174}"
EndProject
Global
	GlobalSection(SolutionConfigurationPlatforms) = preSolution
		Debug|Any CPU = Debug|Any CPU
		Release|Any CPU = Release|Any CPU
	EndGlobalSection
	GlobalSection(ProjectConfigurationPlatforms) = postSolution
		{7565540E-89AE-0FBC-8CCB-C070D61C4174}.Debug|Any CPU.ActiveCfg = Debug|Any CPU
		{7565540E-89AE-0FBC-8CCB-C070D61C4174}.Debug|Any CPU.Build.0 = Debug|Any CPU
		{7565540E-89AE-0FBC-8CCB-C070D61C4174}.Release|Any CPU.ActiveCfg = Release|Any CPU
		{7565540E-89AE-0FBC-8CCB-C070D61C4174}.Release|Any CPU.Build.0 = Release|Any CPU
	EndGlobalSection
	GlobalSection(SolutionProperties) = preSolution
		HideSolutionNode = FALSE
	EndGlobalSection
	GlobalSection(ExtensibilityGlobals) = postSolution
		SolutionGuid = {F517E632-777B-4F7A-961A-8C4D5C195BFB}
	EndGlobalSection
EndGlobal
